
Microsoft Visual Studio Solution File, Format Version 12.00
# Visual Studio Version 17
VisualStudioVersion = 17.2.32526.322
MinimumVisualStudioVersion = 10.0.40219.1
Project("{8BC9CEB8-8B4A-11D0-8D11-00A0C91BC942}") = "Homework2 - OOP", "Homework2 - OOP.vcxproj", "{CE36538D-1A60-48D4-AB8F-AC03FC046FC8}"
EndProject
Global
	GlobalSection(SolutionConfigurationPlatforms) = preSolution
		Debug|x64 = Debug|x64
		Debug|x86 = Debug|x86
		Release|x64 = Release|x64
		Release|x86 = Release|x86
	EndGlobalSection
	GlobalSection(ProjectConfigurationPlatforms) = postSolution
		{CE36538D-1A60-48D4-AB8F-AC03FC046FC8}.Debug|x64.ActiveCfg = Debug|x64
		{CE36538D-1A60-48D4-AB8F-AC03FC046FC8}.Debug|x64.Build.0 = Debug|x64
		{CE36538D-1A60-48D4-AB8F-AC03FC046FC8}.Debug|x86.ActiveCfg = Debug|Win32
		{CE36538D-1A60-48D4-AB8F-AC03FC046FC8}.Debug|x86.Build.0 = Debug|Win32
		{CE36538D-1A60-48D4-AB8F-AC03FC046FC8}.Release|x64.ActiveCfg = Release|x64
		{CE36538D-1A60-48D4-AB8F-AC03FC046FC8}.Release|x64.Build.0 = Release|x64
		{CE36538D-1A60-48D4-AB8F-AC03FC046FC8}.Release|x86.ActiveCfg = Release|Win32
		{CE36538D-1A60-48D4-AB8F-AC03FC046FC8}.Release|x86.Build.0 = Release|Win32
	EndGlobalSection
	GlobalSection(SolutionProperties) = preSolution
		HideSolutionNode = FALSE
	EndGlobalSection
	GlobalSection(ExtensibilityGlobals) = postSolution
		SolutionGuid = {12709400-9001-4F2F-AED1-19A45134E879}
	EndGlobalSection
EndGlobal
